// !$*UTF8*$!
{
	archiveVersion = 1;
	classes = {
	};
	objectVersion = 56;
	objects = {

/* Begin PBXBuildFile section */
		B4CF814A2B760BAD006BF26A /* TouchpadForMacAlsoApp.swift in Sources */ = {isa = PBXBuildFile; fileRef = B4CF81492B760BAD006BF26A /* TouchpadForMacAlsoApp.swift */; };
		B4CF814C2B760BAD006BF26A /* Persistence.swift in Sources */ = {isa = PBXBuildFile; fileRef = B4CF814B2B760BAD006BF26A /* Persistence.swift */; };
		B4CF814F2B760BAD006BF26A /* TouchpadForMacAlso.xcdatamodeld in Sources */ = {isa = PBXBuildFile; fileRef = B4CF814D2B760BAD006BF26A /* TouchpadForMacAlso.xcdatamodeld */; };
		B4CF81512B760BAD006BF26A /* ContentView.swift in Sources */ = {isa = PBXBuildFile; fileRef = B4CF81502B760BAD006BF26A /* ContentView.swift */; };
		B4CF81532B760BAF006BF26A /* Assets.xcassets in Resources */ = {isa = PBXBuildFile; fileRef = B4CF81522B760BAF006BF26A /* Assets.xcassets */; };
		B4CF81572B760BAF006BF26A /* Preview Assets.xcassets in Resources */ = {isa = PBXBuildFile; fileRef = B4CF81562B760BAF006BF26A /* Preview Assets.xcassets */; };
		B4CF81612B760BAF006BF26A /* TouchpadForMacAlsoTests.swift in Sources */ = {isa = PBXBuildFile; fileRef = B4CF81602B760BAF006BF26A /* TouchpadForMacAlsoTests.swift */; };
		B4CF816B2B760BAF006BF26A /* TouchpadForMacAlsoUITests.swift in Sources */ = {isa = PBXBuildFile; fileRef = B4CF816A2B760BAF006BF26A /* TouchpadForMacAlsoUITests.swift */; };
		B4CF816D2B760BAF006BF26A /* TouchpadForMacAlsoUITestsLaunchTests.swift in Sources */ = {isa = PBXBuildFile; fileRef = B4CF816C2B760BAF006BF26A /* TouchpadForMacAlsoUITestsLaunchTests.swift */; };
		B4CF817A2B760BF0006BF26A /* ViewController.swift in Sources */ = {isa = PBXBuildFile; fileRef = B4CF81792B760BF0006BF26A /* ViewController.swift */; };
		B4CF817D2B760DB5006BF26A /* Cocoa.framework in Frameworks */ = {isa = PBXBuildFile; fileRef = B4CF817C2B760DB5006BF26A /* Cocoa.framework */; platformFilters = (macos, ); settings = {ATTRIBUTES = (Required, ); }; };
/* End PBXBuildFile section */

/* Begin PBXContainerItemProxy section */
		B4CF815D2B760BAF006BF26A /* PBXContainerItemProxy */ = {
			isa = PBXContainerItemProxy;
			containerPortal = B4CF813E2B760BAD006BF26A /* Project object */;
			proxyType = 1;
			remoteGlobalIDString = B4CF81452B760BAD006BF26A;
			remoteInfo = TouchpadForMacAlso;
		};
		B4CF81672B760BAF006BF26A /* PBXContainerItemProxy */ = {
			isa = PBXContainerItemProxy;
			containerPortal = B4CF813E2B760BAD006BF26A /* Project object */;
			proxyType = 1;
			remoteGlobalIDString = B4CF81452B760BAD006BF26A;
			remoteInfo = TouchpadForMacAlso;
		};
/* End PBXContainerItemProxy section */

/* Begin PBXFileReference section */
		B4CF81462B760BAD006BF26A /* TouchpadForMacAlso.app */ = {isa = PBXFileReference; explicitFileType = wrapper.application; includeInIndex = 0; path = TouchpadForMacAlso.app; sourceTree = BUILT_PRODUCTS_DIR; };
		B4CF81492B760BAD006BF26A /* TouchpadForMacAlsoApp.swift */ = {isa = PBXFileReference; lastKnownFileType = sourcecode.swift; path = TouchpadForMacAlsoApp.swift; sourceTree = "<group>"; };
		B4CF814B2B760BAD006BF26A /* Persistence.swift */ = {isa = PBXFileReference; lastKnownFileType = sourcecode.swift; path = Persistence.swift; sourceTree = "<group>"; };
		B4CF814E2B760BAD006BF26A /* TouchpadForMacAlso.xcdatamodel */ = {isa = PBXFileReference; lastKnownFileType = wrapper.xcdatamodel; path = TouchpadForMacAlso.xcdatamodel; sourceTree = "<group>"; };
		B4CF81502B760BAD006BF26A /* ContentView.swift */ = {isa = PBXFileReference; lastKnownFileType = sourcecode.swift; path = ContentView.swift; sourceTree = "<group>"; };
		B4CF81522B760BAF006BF26A /* Assets.xcassets */ = {isa = PBXFileReference; lastKnownFileType = folder.assetcatalog; path = Assets.xcassets; sourceTree = "<group>"; };
		B4CF81542B760BAF006BF26A /* TouchpadForMacAlso.entitlements */ = {isa = PBXFileReference; lastKnownFileType = text.plist.entitlements; path = TouchpadForMacAlso.entitlements; sourceTree = "<group>"; };
		B4CF81562B760BAF006BF26A /* Preview Assets.xcassets */ = {isa = PBXFileReference; lastKnownFileType = folder.assetcatalog; path = "Preview Assets.xcassets"; sourceTree = "<group>"; };
		B4CF815C2B760BAF006BF26A /* TouchpadForMacAlsoTests.xctest */ = {isa = PBXFileReference; explicitFileType = wrapper.cfbundle; includeInIndex = 0; path = TouchpadForMacAlsoTests.xctest; sourceTree = BUILT_PRODUCTS_DIR; };
		B4CF81602B760BAF006BF26A /* TouchpadForMacAlsoTests.swift */ = {isa = PBXFileReference; lastKnownFileType = sourcecode.swift; path = TouchpadForMacAlsoTests.swift; sourceTree = "<group>"; };
		B4CF81662B760BAF006BF26A /* TouchpadForMacAlsoUITests.xctest */ = {isa = PBXFileReference; explicitFileType = wrapper.cfbundle; includeInIndex = 0; path = TouchpadForMacAlsoUITests.xctest; sourceTree = BUILT_PRODUCTS_DIR; };
		B4CF816A2B760BAF006BF26A /* TouchpadForMacAlsoUITests.swift */ = {isa = PBXFileReference; lastKnownFileType = sourcecode.swift; path = TouchpadForMacAlsoUITests.swift; sourceTree = "<group>"; };
		B4CF816C2B760BAF006BF26A /* TouchpadForMacAlsoUITestsLaunchTests.swift */ = {isa = PBXFileReference; lastKnownFileType = sourcecode.swift; path = TouchpadForMacAlsoUITestsLaunchTests.swift; sourceTree = "<group>"; };
		B4CF81792B760BF0006BF26A /* ViewController.swift */ = {isa = PBXFileReference; lastKnownFileType = sourcecode.swift; path = ViewController.swift; sourceTree = "<group>"; };
		B4CF817C2B760DB5006BF26A /* Cocoa.framework */ = {isa = PBXFileReference; lastKnownFileType = wrapper.framework; name = Cocoa.framework; path = System/Library/Frameworks/Cocoa.framework; sourceTree = SDKROOT; };
/* End PBXFileReference section */

/* Begin PBXFrameworksBuildPhase section */
		B4CF81432B760BAD006BF26A /* Frameworks */ = {
			isa = PBXFrameworksBuildPhase;
			buildActionMask = 2147483647;
			files = (
				B4CF817D2B760DB5006BF26A /* Cocoa.framework in Frameworks */,
			);
			runOnlyForDeploymentPostprocessing = 0;
		};
		B4CF81592B760BAF006BF26A /* Frameworks */ = {
			isa = PBXFrameworksBuildPhase;
			buildActionMask = 2147483647;
			files = (
			);
			runOnlyForDeploymentPostprocessing = 0;
		};
		B4CF81632B760BAF006BF26A /* Frameworks */ = {
			isa = PBXFrameworksBuildPhase;
			buildActionMask = 2147483647;
			files = (
			);
			runOnlyForDeploymentPostprocessing = 0;
		};
/* End PBXFrameworksBuildPhase section */

/* Begin PBXGroup section */
		B4CF813D2B760BAD006BF26A = {
			isa = PBXGroup;
			children = (
				B4CF81482B760BAD006BF26A /* TouchpadForMacAlso */,
				B4CF815F2B760BAF006BF26A /* TouchpadForMacAlsoTests */,
				B4CF81692B760BAF006BF26A /* TouchpadForMacAlsoUITests */,
				B4CF81472B760BAD006BF26A /* Products */,
				B4CF817B2B760DB5006BF26A /* Frameworks */,
			);
			sourceTree = "<group>";
		};
		B4CF81472B760BAD006BF26A /* Products */ = {
			isa = PBXGroup;
			children = (
				B4CF81462B760BAD006BF26A /* TouchpadForMacAlso.app */,
				B4CF815C2B760BAF006BF26A /* TouchpadForMacAlsoTests.xctest */,
				B4CF81662B760BAF006BF26A /* TouchpadForMacAlsoUITests.xctest */,
			);
			name = Products;
			sourceTree = "<group>";
		};
		B4CF81482B760BAD006BF26A /* TouchpadForMacAlso */ = {
			isa = PBXGroup;
			children = (
				B4CF81492B760BAD006BF26A /* TouchpadForMacAlsoApp.swift */,
				B4CF814B2B760BAD006BF26A /* Persistence.swift */,
				B4CF81502B760BAD006BF26A /* ContentView.swift */,
				B4CF81522B760BAF006BF26A /* Assets.xcassets */,
				B4CF81542B760BAF006BF26A /* TouchpadForMacAlso.entitlements */,
				B4CF814D2B760BAD006BF26A /* TouchpadForMacAlso.xcdatamodeld */,
				B4CF81552B760BAF006BF26A /* Preview Content */,
				B4CF81792B760BF0006BF26A /* ViewController.swift */,
			);
			path = TouchpadForMacAlso;
			sourceTree = "<group>";
		};
		B4CF81552B760BAF006BF26A /* Preview Content */ = {
			isa = PBXGroup;
			children = (
				B4CF81562B760BAF006BF26A /* Preview Assets.xcassets */,
			);
			path = "Preview Content";
			sourceTree = "<group>";
		};
		B4CF815F2B760BAF006BF26A /* TouchpadForMacAlsoTests */ = {
			isa = PBXGroup;
			children = (
				B4CF81602B760BAF006BF26A /* TouchpadForMacAlsoTests.swift */,
			);
			path = TouchpadForMacAlsoTests;
			sourceTree = "<group>";
		};
		B4CF81692B760BAF006BF26A /* TouchpadForMacAlsoUITests */ = {
			isa = PBXGroup;
			children = (
				B4CF816A2B760BAF006BF26A /* TouchpadForMacAlsoUITests.swift */,
				B4CF816C2B760BAF006BF26A /* TouchpadForMacAlsoUITestsLaunchTests.swift */,
			);
			path = TouchpadForMacAlsoUITests;
			sourceTree = "<group>";
		};
		B4CF817B2B760DB5006BF26A /* Frameworks */ = {
			isa = PBXGroup;
			children = (
				B4CF817C2B760DB5006BF26A /* Cocoa.framework */,
			);
			name = Frameworks;
			sourceTree = "<group>";
		};
/* End PBXGroup section */

/* Begin PBXNativeTarget section */
		B4CF81452B760BAD006BF26A /* TouchpadForMacAlso */ = {
			isa = PBXNativeTarget;
			buildConfigurationList = B4CF81702B760BAF006BF26A /* Build configuration list for PBXNativeTarget "TouchpadForMacAlso" */;
			buildPhases = (
				B4CF81422B760BAD006BF26A /* Sources */,
				B4CF81432B760BAD006BF26A /* Frameworks */,
				B4CF81442B760BAD006BF26A /* Resources */,
			);
			buildRules = (
			);
			dependencies = (
			);
			name = TouchpadForMacAlso;
			productName = TouchpadForMacAlso;
			productReference = B4CF81462B760BAD006BF26A /* TouchpadForMacAlso.app */;
			productType = "com.apple.product-type.application";
		};
		B4CF815B2B760BAF006BF26A /* TouchpadForMacAlsoTests */ = {
			isa = PBXNativeTarget;
			buildConfigurationList = B4CF81732B760BAF006BF26A /* Build configuration list for PBXNativeTarget "TouchpadForMacAlsoTests" */;
			buildPhases = (
				B4CF81582B760BAF006BF26A /* Sources */,
				B4CF81592B760BAF006BF26A /* Frameworks */,
				B4CF815A2B760BAF006BF26A /* Resources */,
			);
			buildRules = (
			);
			dependencies = (
				B4CF815E2B760BAF006BF26A /* PBXTargetDependency */,
			);
			name = TouchpadForMacAlsoTests;
			productName = TouchpadForMacAlsoTests;
			productReference = B4CF815C2B760BAF006BF26A /* TouchpadForMacAlsoTests.xctest */;
			productType = "com.apple.product-type.bundle.unit-test";
		};
		B4CF81652B760BAF006BF26A /* TouchpadForMacAlsoUITests */ = {
			isa = PBXNativeTarget;
			buildConfigurationList = B4CF81762B760BAF006BF26A /* Build configuration list for PBXNativeTarget "TouchpadForMacAlsoUITests" */;
			buildPhases = (
				B4CF81622B760BAF006BF26A /* Sources */,
				B4CF81632B760BAF006BF26A /* Frameworks */,
				B4CF81642B760BAF006BF26A /* Resources */,
			);
			buildRules = (
			);
			dependencies = (
				B4CF81682B760BAF006BF26A /* PBXTargetDependency */,
			);
			name = TouchpadForMacAlsoUITests;
			productName = TouchpadForMacAlsoUITests;
			productReference = B4CF81662B760BAF006BF26A /* TouchpadForMacAlsoUITests.xctest */;
			productType = "com.apple.product-type.bundle.ui-testing";
		};
/* End PBXNativeTarget section */

/* Begin PBXProject section */
		B4CF813E2B760BAD006BF26A /* Project object */ = {
			isa = PBXProject;
			attributes = {
				BuildIndependentTargetsInParallel = 1;
				LastSwiftUpdateCheck = 1520;
				LastUpgradeCheck = 1520;
				TargetAttributes = {
					B4CF81452B760BAD006BF26A = {
						CreatedOnToolsVersion = 15.2;
					};
					B4CF815B2B760BAF006BF26A = {
						CreatedOnToolsVersion = 15.2;
						TestTargetID = B4CF81452B760BAD006BF26A;
					};
					B4CF81652B760BAF006BF26A = {
						CreatedOnToolsVersion = 15.2;
						TestTargetID = B4CF81452B760BAD006BF26A;
					};
				};
			};
			buildConfigurationList = B4CF81412B760BAD006BF26A /* Build configuration list for PBXProject "TouchpadForMacAlso" */;
			compatibilityVersion = "Xcode 14.0";
			developmentRegion = en;
			hasScannedForEncodings = 0;
			knownRegions = (
				en,
				Base,
			);
			mainGroup = B4CF813D2B760BAD006BF26A;
			productRefGroup = B4CF81472B760BAD006BF26A /* Products */;
			projectDirPath = "";
			projectRoot = "";
			targets = (
				B4CF81452B760BAD006BF26A /* TouchpadForMacAlso */,
				B4CF815B2B760BAF006BF26A /* TouchpadForMacAlsoTests */,
				B4CF81652B760BAF006BF26A /* TouchpadForMacAlsoUITests */,
			);
		};
/* End PBXProject section */

/* Begin PBXResourcesBuildPhase section */
		B4CF81442B760BAD006BF26A /* Resources */ = {
			isa = PBXResourcesBuildPhase;
			buildActionMask = 2147483647;
			files = (
				B4CF81572B760BAF006BF26A /* Preview Assets.xcassets in Resources */,
				B4CF81532B760BAF006BF26A /* Assets.xcassets in Resources */,
			);
			runOnlyForDeploymentPostprocessing = 0;
		};
		B4CF815A2B760BAF006BF26A /* Resources */ = {
			isa = PBXResourcesBuildPhase;
			buildActionMask = 2147483647;
			files = (
			);
			runOnlyForDeploymentPostprocessing = 0;
		};
		B4CF81642B760BAF006BF26A /* Resources */ = {
			isa = PBXResourcesBuildPhase;
			buildActionMask = 2147483647;
			files = (
			);
			runOnlyForDeploymentPostprocessing = 0;
		};
/* End PBXResourcesBuildPhase section */

/* Begin PBXSourcesBuildPhase section */
		B4CF81422B760BAD006BF26A /* Sources */ = {
			isa = PBXSourcesBuildPhase;
			buildActionMask = 2147483647;
			files = (
				B4CF817A2B760BF0006BF26A /* ViewController.swift in Sources */,
				B4CF814A2B760BAD006BF26A /* TouchpadForMacAlsoApp.swift in Sources */,
				B4CF814C2B760BAD006BF26A /* Persistence.swift in Sources */,
				B4CF81512B760BAD006BF26A /* ContentView.swift in Sources */,
				B4CF814F2B760BAD006BF26A /* TouchpadForMacAlso.xcdatamodeld in Sources */,
			);
			runOnlyForDeploymentPostprocessing = 0;
		};
		B4CF81582B760BAF006BF26A /* Sources */ = {
			isa = PBXSourcesBuildPhase;
			buildActionMask = 2147483647;
			files = (
				B4CF81612B760BAF006BF26A /* TouchpadForMacAlsoTests.swift in Sources */,
			);
			runOnlyForDeploymentPostprocessing = 0;
		};
		B4CF81622B760BAF006BF26A /* Sources */ = {
			isa = PBXSourcesBuildPhase;
			buildActionMask = 2147483647;
			files = (
				B4CF816B2B760BAF006BF26A /* TouchpadForMacAlsoUITests.swift in Sources */,
				B4CF816D2B760BAF006BF26A /* TouchpadForMacAlsoUITestsLaunchTests.swift in Sources */,
			);
			runOnlyForDeploymentPostprocessing = 0;
		};
/* End PBXSourcesBuildPhase section */

/* Begin PBXTargetDependency section */
		B4CF815E2B760BAF006BF26A /* PBXTargetDependency */ = {
			isa = PBXTargetDependency;
			target = B4CF81452B760BAD006BF26A /* TouchpadForMacAlso */;
			targetProxy = B4CF815D2B760BAF006BF26A /* PBXContainerItemProxy */;
		};
		B4CF81682B760BAF006BF26A /* PBXTargetDependency */ = {
			isa = PBXTargetDependency;
			target = B4CF81452B760BAD006BF26A /* TouchpadForMacAlso */;
			targetProxy = B4CF81672B760BAF006BF26A /* PBXContainerItemProxy */;
		};
/* End PBXTargetDependency section */

/* Begin XCBuildConfiguration section */
		B4CF816E2B760BAF006BF26A /* Debug */ = {
			isa = XCBuildConfiguration;
			buildSettings = {
				ALWAYS_SEARCH_USER_PATHS = NO;
				ASSETCATALOG_COMPILER_GENERATE_SWIFT_ASSET_SYMBOL_EXTENSIONS = YES;
				CLANG_ANALYZER_NONNULL = YES;
				CLANG_ANALYZER_NUMBER_OBJECT_CONVERSION = YES_AGGRESSIVE;
				CLANG_CXX_LANGUAGE_STANDARD = "gnu++20";
				CLANG_ENABLE_MODULES = YES;
				CLANG_ENABLE_OBJC_ARC = YES;
				CLANG_ENABLE_OBJC_WEAK = YES;
				CLANG_WARN_BLOCK_CAPTURE_AUTORELEASING = YES;
				CLANG_WARN_BOOL_CONVERSION = YES;
				CLANG_WARN_COMMA = YES;
				CLANG_WARN_CONSTANT_CONVERSION = YES;
				CLANG_WARN_DEPRECATED_OBJC_IMPLEMENTATIONS = YES;
				CLANG_WARN_DIRECT_OBJC_ISA_USAGE = YES_ERROR;
				CLANG_WARN_DOCUMENTATION_COMMENTS = YES;
				CLANG_WARN_EMPTY_BODY = YES;
				CLANG_WARN_ENUM_CONVERSION = YES;
				CLANG_WARN_INFINITE_RECURSION = YES;
				CLANG_WARN_INT_CONVERSION = YES;
				CLANG_WARN_NON_LITERAL_NULL_CONVERSION = YES;
				CLANG_WARN_OBJC_IMPLICIT_RETAIN_SELF = YES;
				CLANG_WARN_OBJC_LITERAL_CONVERSION = YES;
				CLANG_WARN_OBJC_ROOT_CLASS = YES_ERROR;
				CLANG_WARN_QUOTED_INCLUDE_IN_FRAMEWORK_HEADER = YES;
				CLANG_WARN_RANGE_LOOP_ANALYSIS = YES;
				CLANG_WARN_STRICT_PROTOTYPES = YES;
				CLANG_WARN_SUSPICIOUS_MOVE = YES;
				CLANG_WARN_UNGUARDED_AVAILABILITY = YES_AGGRESSIVE;
				CLANG_WARN_UNREACHABLE_CODE = YES;
				CLANG_WARN__DUPLICATE_METHOD_MATCH = YES;
				COPY_PHASE_STRIP = NO;
				DEBUG_INFORMATION_FORMAT = dwarf;
				ENABLE_STRICT_OBJC_MSGSEND = YES;
				ENABLE_TESTABILITY = YES;
				ENABLE_USER_SCRIPT_SANDBOXING = YES;
				GCC_C_LANGUAGE_STANDARD = gnu17;
				GCC_DYNAMIC_NO_PIC = NO;
				GCC_NO_COMMON_BLOCKS = YES;
				GCC_OPTIMIZATION_LEVEL = 0;
				GCC_PREPROCESSOR_DEFINITIONS = (
					"DEBUG=1",
					"$(inherited)",
				);
				GCC_WARN_64_TO_32_BIT_CONVERSION = YES;
				GCC_WARN_ABOUT_RETURN_TYPE = YES_ERROR;
				GCC_WARN_UNDECLARED_SELECTOR = YES;
				GCC_WARN_UNINITIALIZED_AUTOS = YES_AGGRESSIVE;
				GCC_WARN_UNUSED_FUNCTION = YES;
				GCC_WARN_UNUSED_VARIABLE = YES;
				LOCALIZATION_PREFERS_STRING_CATALOGS = YES;
				MTL_ENABLE_DEBUG_INFO = INCLUDE_SOURCE;
				MTL_FAST_MATH = YES;
				ONLY_ACTIVE_ARCH = YES;
				SWIFT_ACTIVE_COMPILATION_CONDITIONS = "DEBUG $(inherited)";
				SWIFT_OPTIMIZATION_LEVEL = "-Onone";
			};
			name = Debug;
		};
		B4CF816F2B760BAF006BF26A /* Release */ = {
			isa = XCBuildConfiguration;
			buildSettings = {
				ALWAYS_SEARCH_USER_PATHS = NO;
				ASSETCATALOG_COMPILER_GENERATE_SWIFT_ASSET_SYMBOL_EXTENSIONS = YES;
				CLANG_ANALYZER_NONNULL = YES;
				CLANG_ANALYZER_NUMBER_OBJECT_CONVERSION = YES_AGGRESSIVE;
				CLANG_CXX_LANGUAGE_STANDARD = "gnu++20";
				CLANG_ENABLE_MODULES = YES;
				CLANG_ENABLE_OBJC_ARC = YES;
				CLANG_ENABLE_OBJC_WEAK = YES;
				CLANG_WARN_BLOCK_CAPTURE_AUTORELEASING = YES;
				CLANG_WARN_BOOL_CONVERSION = YES;
				CLANG_WARN_COMMA = YES;
				CLANG_WARN_CONSTANT_CONVERSION = YES;
				CLANG_WARN_DEPRECATED_OBJC_IMPLEMENTATIONS = YES;
				CLANG_WARN_DIRECT_OBJC_ISA_USAGE = YES_ERROR;
				CLANG_WARN_DOCUMENTATION_COMMENTS = YES;
				CLANG_WARN_EMPTY_BODY = YES;
				CLANG_WARN_ENUM_CONVERSION = YES;
				CLANG_WARN_INFINITE_RECURSION = YES;
				CLANG_WARN_INT_CONVERSION = YES;
				CLANG_WARN_NON_LITERAL_NULL_CONVERSION = YES;
				CLANG_WARN_OBJC_IMPLICIT_RETAIN_SELF = YES;
				CLANG_WARN_OBJC_LITERAL_CONVERSION = YES;
				CLANG_WARN_OBJC_ROOT_CLASS = YES_ERROR;
				CLANG_WARN_QUOTED_INCLUDE_IN_FRAMEWORK_HEADER = YES;
				CLANG_WARN_RANGE_LOOP_ANALYSIS = YES;
				CLANG_WARN_STRICT_PROTOTYPES = YES;
				CLANG_WARN_SUSPICIOUS_MOVE = YES;
				CLANG_WARN_UNGUARDED_AVAILABILITY = YES_AGGRESSIVE;
				CLANG_WARN_UNREACHABLE_CODE = YES;
				CLANG_WARN__DUPLICATE_METHOD_MATCH = YES;
				COPY_PHASE_STRIP = NO;
				DEBUG_INFORMATION_FORMAT = "dwarf-with-dsym";
				ENABLE_NS_ASSERTIONS = NO;
				ENABLE_STRICT_OBJC_MSGSEND = YES;
				ENABLE_USER_SCRIPT_SANDBOXING = YES;
				GCC_C_LANGUAGE_STANDARD = gnu17;
				GCC_NO_COMMON_BLOCKS = YES;
				GCC_WARN_64_TO_32_BIT_CONVERSION = YES;
				GCC_WARN_ABOUT_RETURN_TYPE = YES_ERROR;
				GCC_WARN_UNDECLARED_SELECTOR = YES;
				GCC_WARN_UNINITIALIZED_AUTOS = YES_AGGRESSIVE;
				GCC_WARN_UNUSED_FUNCTION = YES;
				GCC_WARN_UNUSED_VARIABLE = YES;
				LOCALIZATION_PREFERS_STRING_CATALOGS = YES;
				MTL_ENABLE_DEBUG_INFO = NO;
				MTL_FAST_MATH = YES;
				SWIFT_COMPILATION_MODE = wholemodule;
			};
			name = Release;
		};
		B4CF81712B760BAF006BF26A /* Debug */ = {
			isa = XCBuildConfiguration;
			buildSettings = {
				ASSETCATALOG_COMPILER_APPICON_NAME = AppIcon;
				ASSETCATALOG_COMPILER_GLOBAL_ACCENT_COLOR_NAME = AccentColor;
				CODE_SIGN_ENTITLEMENTS = TouchpadForMacAlso/TouchpadForMacAlso.entitlements;
				CODE_SIGN_STYLE = Automatic;
				CURRENT_PROJECT_VERSION = 1;
				DEVELOPMENT_ASSET_PATHS = "\"TouchpadForMacAlso/Preview Content\"";
				DEVELOPMENT_TEAM = 7AR93R268X;
				ENABLE_HARDENED_RUNTIME = YES;
				ENABLE_PREVIEWS = YES;
				GENERATE_INFOPLIST_FILE = YES;
				"INFOPLIST_KEY_UIApplicationSceneManifest_Generation[sdk=iphoneos*]" = YES;
				"INFOPLIST_KEY_UIApplicationSceneManifest_Generation[sdk=iphonesimulator*]" = YES;
				"INFOPLIST_KEY_UIApplicationSupportsIndirectInputEvents[sdk=iphoneos*]" = YES;
				"INFOPLIST_KEY_UIApplicationSupportsIndirectInputEvents[sdk=iphonesimulator*]" = YES;
				"INFOPLIST_KEY_UILaunchScreen_Generation[sdk=iphoneos*]" = YES;
				"INFOPLIST_KEY_UILaunchScreen_Generation[sdk=iphonesimulator*]" = YES;
				"INFOPLIST_KEY_UIStatusBarStyle[sdk=iphoneos*]" = UIStatusBarStyleDefault;
				"INFOPLIST_KEY_UIStatusBarStyle[sdk=iphonesimulator*]" = UIStatusBarStyleDefault;
				INFOPLIST_KEY_UISupportedInterfaceOrientations_iPad = "UIInterfaceOrientationPortrait UIInterfaceOrientationPortraitUpsideDown UIInterfaceOrientationLandscapeLeft UIInterfaceOrientationLandscapeRight";
				INFOPLIST_KEY_UISupportedInterfaceOrientations_iPhone = "UIInterfaceOrientationPortrait UIInterfaceOrientationLandscapeLeft UIInterfaceOrientationLandscapeRight";
				IPHONEOS_DEPLOYMENT_TARGET = 17.2;
				LD_RUNPATH_SEARCH_PATHS = "@executable_path/Frameworks";
				"LD_RUNPATH_SEARCH_PATHS[sdk=macosx*]" = "@executable_path/../Frameworks";
				MACOSX_DEPLOYMENT_TARGET = 14.2;
				MARKETING_VERSION = 1.0;
				PRODUCT_BUNDLE_IDENTIFIER = BRPM.TouchpadForMacAlso;
				PRODUCT_NAME = "$(TARGET_NAME)";
				SDKROOT = auto;
				SUPPORTED_PLATFORMS = "iphoneos iphonesimulator macosx";
				SWIFT_EMIT_LOC_STRINGS = YES;
				SWIFT_VERSION = 5.0;
				TARGETED_DEVICE_FAMILY = "1,2";
			};
			name = Debug;
		};
		B4CF81722B760BAF006BF26A /* Release */ = {
			isa = XCBuildConfiguration;
			buildSettings = {
				ASSETCATALOG_COMPILER_APPICON_NAME = AppIcon;
				ASSETCATALOG_COMPILER_GLOBAL_ACCENT_COLOR_NAME = AccentColor;
				CODE_SIGN_ENTITLEMENTS = TouchpadForMacAlso/TouchpadForMacAlso.entitlements;
				CODE_SIGN_STYLE = Automatic;
				CURRENT_PROJECT_VERSION = 1;
				DEVELOPMENT_ASSET_PATHS = "\"TouchpadForMacAlso/Preview Content\"";
				DEVELOPMENT_TEAM = 7AR93R268X;
				ENABLE_HARDENED_RUNTIME = YES;
				ENABLE_PREVIEWS = YES;
				GENERATE_INFOPLIST_FILE = YES;
				"INFOPLIST_KEY_UIApplicationSceneManifest_Generation[sdk=iphoneos*]" = YES;
				"INFOPLIST_KEY_UIApplicationSceneManifest_Generation[sdk=iphonesimulator*]" = YES;
				"INFOPLIST_KEY_UIApplicationSupportsIndirectInputEvents[sdk=iphoneos*]" = YES;
				"INFOPLIST_KEY_UIApplicationSupportsIndirectInputEvents[sdk=iphonesimulator*]" = YES;
				"INFOPLIST_KEY_UILaunchScreen_Generation[sdk=iphoneos*]" = YES;
				"INFOPLIST_KEY_UILaunchScreen_Generation[sdk=iphonesimulator*]" = YES;
				"INFOPLIST_KEY_UIStatusBarStyle[sdk=iphoneos*]" = UIStatusBarStyleDefault;
				"INFOPLIST_KEY_UIStatusBarStyle[sdk=iphonesimulator*]" = UIStatusBarStyleDefault;
				INFOPLIST_KEY_UISupportedInterfaceOrientations_iPad = "UIInterfaceOrientationPortrait UIInterfaceOrientationPortraitUpsideDown UIInterfaceOrientationLandscapeLeft UIInterfaceOrientationLandscapeRight";
				INFOPLIST_KEY_UISupportedInterfaceOrientations_iPhone = "UIInterfaceOrientationPortrait UIInterfaceOrientationLandscapeLeft UIInterfaceOrientationLandscapeRight";
				IPHONEOS_DEPLOYMENT_TARGET = 17.2;
				LD_RUNPATH_SEARCH_PATHS = "@executable_path/Frameworks";
				"LD_RUNPATH_SEARCH_PATHS[sdk=macosx*]" = "@executable_path/../Frameworks";
				MACOSX_DEPLOYMENT_TARGET = 14.2;
				MARKETING_VERSION = 1.0;
				PRODUCT_BUNDLE_IDENTIFIER = BRPM.TouchpadForMacAlso;
				PRODUCT_NAME = "$(TARGET_NAME)";
				SDKROOT = auto;
				SUPPORTED_PLATFORMS = "iphoneos iphonesimulator macosx";
				SWIFT_EMIT_LOC_STRINGS = YES;
				SWIFT_VERSION = 5.0;
				TARGETED_DEVICE_FAMILY = "1,2";
			};
			name = Release;
		};
		B4CF81742B760BAF006BF26A /* Debug */ = {
			isa = XCBuildConfiguration;
			buildSettings = {
				ALWAYS_EMBED_SWIFT_STANDARD_LIBRARIES = YES;
				BUNDLE_LOADER = "$(TEST_HOST)";
				CODE_SIGN_STYLE = Automatic;
				CURRENT_PROJECT_VERSION = 1;
				DEVELOPMENT_TEAM = 7AR93R268X;
				GENERATE_INFOPLIST_FILE = YES;
				IPHONEOS_DEPLOYMENT_TARGET = 17.2;
				MACOSX_DEPLOYMENT_TARGET = 14.2;
				MARKETING_VERSION = 1.0;
				PRODUCT_BUNDLE_IDENTIFIER = BRPM.TouchpadForMacAlsoTests;
				PRODUCT_NAME = "$(TARGET_NAME)";
				SDKROOT = auto;
				SUPPORTED_PLATFORMS = "iphoneos iphonesimulator macosx";
				SWIFT_EMIT_LOC_STRINGS = NO;
				SWIFT_VERSION = 5.0;
				TARGETED_DEVICE_FAMILY = "1,2";
				TEST_HOST = "$(BUILT_PRODUCTS_DIR)/TouchpadForMacAlso.app/$(BUNDLE_EXECUTABLE_FOLDER_PATH)/TouchpadForMacAlso";
			};
			name = Debug;
		};
		B4CF81752B760BAF006BF26A /* Release */ = {
			isa = XCBuildConfiguration;
			buildSettings = {
				ALWAYS_EMBED_SWIFT_STANDARD_LIBRARIES = YES;
				BUNDLE_LOADER = "$(TEST_HOST)";
				CODE_SIGN_STYLE = Automatic;
				CURRENT_PROJECT_VERSION = 1;
				DEVELOPMENT_TEAM = 7AR93R268X;
				GENERATE_INFOPLIST_FILE = YES;
				IPHONEOS_DEPLOYMENT_TARGET = 17.2;
				MACOSX_DEPLOYMENT_TARGET = 14.2;
				MARKETING_VERSION = 1.0;
				PRODUCT_BUNDLE_IDENTIFIER = BRPM.TouchpadForMacAlsoTests;
				PRODUCT_NAME = "$(TARGET_NAME)";
				SDKROOT = auto;
				SUPPORTED_PLATFORMS = "iphoneos iphonesimulator macosx";
				SWIFT_EMIT_LOC_STRINGS = NO;
				SWIFT_VERSION = 5.0;
				TARGETED_DEVICE_FAMILY = "1,2";
				TEST_HOST = "$(BUILT_PRODUCTS_DIR)/TouchpadForMacAlso.app/$(BUNDLE_EXECUTABLE_FOLDER_PATH)/TouchpadForMacAlso";
			};
			name = Release;
		};
		B4CF81772B760BAF006BF26A /* Debug */ = {
			isa = XCBuildConfiguration;
			buildSettings = {
				ALWAYS_EMBED_SWIFT_STANDARD_LIBRARIES = YES;
				CODE_SIGN_STYLE = Automatic;
				CURRENT_PROJECT_VERSION = 1;
				DEVELOPMENT_TEAM = 7AR93R268X;
				GENERATE_INFOPLIST_FILE = YES;
				IPHONEOS_DEPLOYMENT_TARGET = 17.2;
				MACOSX_DEPLOYMENT_TARGET = 14.2;
				MARKETING_VERSION = 1.0;
				PRODUCT_BUNDLE_IDENTIFIER = BRPM.TouchpadForMacAlsoUITests;
				PRODUCT_NAME = "$(TARGET_NAME)";
				SDKROOT = auto;
				SUPPORTED_PLATFORMS = "iphoneos iphonesimulator macosx";
				SWIFT_EMIT_LOC_STRINGS = NO;
				SWIFT_VERSION = 5.0;
				TARGETED_DEVICE_FAMILY = "1,2";
				TEST_TARGET_NAME = TouchpadForMacAlso;
			};
			name = Debug;
		};
		B4CF81782B760BAF006BF26A /* Release */ = {
			isa = XCBuildConfiguration;
			buildSettings = {
				ALWAYS_EMBED_SWIFT_STANDARD_LIBRARIES = YES;
				CODE_SIGN_STYLE = Automatic;
				CURRENT_PROJECT_VERSION = 1;
				DEVELOPMENT_TEAM = 7AR93R268X;
				GENERATE_INFOPLIST_FILE = YES;
				IPHONEOS_DEPLOYMENT_TARGET = 17.2;
				MACOSX_DEPLOYMENT_TARGET = 14.2;
				MARKETING_VERSION = 1.0;
				PRODUCT_BUNDLE_IDENTIFIER = BRPM.TouchpadForMacAlsoUITests;
				PRODUCT_NAME = "$(TARGET_NAME)";
				SDKROOT = auto;
				SUPPORTED_PLATFORMS = "iphoneos iphonesimulator macosx";
				SWIFT_EMIT_LOC_STRINGS = NO;
				SWIFT_VERSION = 5.0;
				TARGETED_DEVICE_FAMILY = "1,2";
				TEST_TARGET_NAME = TouchpadForMacAlso;
			};
			name = Release;
		};
/* End XCBuildConfiguration section */

/* Begin XCConfigurationList section */
		B4CF81412B760BAD006BF26A /* Build configuration list for PBXProject "TouchpadForMacAlso" */ = {
			isa = XCConfigurationList;
			buildConfigurations = (
				B4CF816E2B760BAF006BF26A /* Debug */,
				B4CF816F2B760BAF006BF26A /* Release */,
			);
			defaultConfigurationIsVisible = 0;
			defaultConfigurationName = Release;
		};
		B4CF81702B760BAF006BF26A /* Build configuration list for PBXNativeTarget "TouchpadForMacAlso" */ = {
			isa = XCConfigurationList;
			buildConfigurations = (
				B4CF81712B760BAF006BF26A /* Debug */,
				B4CF81722B760BAF006BF26A /* Release */,
			);
			defaultConfigurationIsVisible = 0;
			defaultConfigurationName = Release;
		};
		B4CF81732B760BAF006BF26A /* Build configuration list for PBXNativeTarget "TouchpadForMacAlsoTests" */ = {
			isa = XCConfigurationList;
			buildConfigurations = (
				B4CF81742B760BAF006BF26A /* Debug */,
				B4CF81752B760BAF006BF26A /* Release */,
			);
			defaultConfigurationIsVisible = 0;
			defaultConfigurationName = Release;
		};
		B4CF81762B760BAF006BF26A /* Build configuration list for PBXNativeTarget "TouchpadForMacAlsoUITests" */ = {
			isa = XCConfigurationList;
			buildConfigurations = (
				B4CF81772B760BAF006BF26A /* Debug */,
				B4CF81782B760BAF006BF26A /* Release */,
			);
			defaultConfigurationIsVisible = 0;
			defaultConfigurationName = Release;
		};
/* End XCConfigurationList section */

/* Begin XCVersionGroup section */
		B4CF814D2B760BAD006BF26A /* TouchpadForMacAlso.xcdatamodeld */ = {
			isa = XCVersionGroup;
			children = (
				B4CF814E2B760BAD006BF26A /* TouchpadForMacAlso.xcdatamodel */,
			);
			currentVersion = B4CF814E2B760BAD006BF26A /* TouchpadForMacAlso.xcdatamodel */;
			path = TouchpadForMacAlso.xcdatamodeld;
			sourceTree = "<group>";
			versionGroupType = wrapper.xcdatamodel;
		};
/* End XCVersionGroup section */
	};
	rootObject = B4CF813E2B760BAD006BF26A /* Project object */;
}
