// !$*UTF8*$!
{
	archiveVersion = 1;
	classes = {
	};
	objectVersion = 56;
	objects = {

/* Begin PBXBuildFile section */
		B4E54F0D2B924DCC007B75EF /* tap_sendApp.swift in Sources */ = {isa = PBXBuildFile; fileRef = B4E54F0C2B924DCC007B75EF /* tap_sendApp.swift */; };
		B4E54F0F2B924DCC007B75EF /* ContentView.swift in Sources */ = {isa = PBXBuildFile; fileRef = B4E54F0E2B924DCC007B75EF /* ContentView.swift */; };
		B4E54F112B924DCE007B75EF /* Assets.xcassets in Resources */ = {isa = PBXBuildFile; fileRef = B4E54F102B924DCE007B75EF /* Assets.xcassets */; };
		B4E54F142B924DCE007B75EF /* Preview Assets.xcassets in Resources */ = {isa = PBXBuildFile; fileRef = B4E54F132B924DCE007B75EF /* Preview Assets.xcassets */; };
		B4E54F162B924DCE007B75EF /* Persistence.swift in Sources */ = {isa = PBXBuildFile; fileRef = B4E54F152B924DCE007B75EF /* Persistence.swift */; };
		B4E54F192B924DCE007B75EF /* tap_send.xcdatamodeld in Sources */ = {isa = PBXBuildFile; fileRef = B4E54F172B924DCE007B75EF /* tap_send.xcdatamodeld */; };
		B4E54F232B924DCE007B75EF /* tap_sendTests.swift in Sources */ = {isa = PBXBuildFile; fileRef = B4E54F222B924DCE007B75EF /* tap_sendTests.swift */; };
		B4E54F2D2B924DCE007B75EF /* tap_sendUITests.swift in Sources */ = {isa = PBXBuildFile; fileRef = B4E54F2C2B924DCE007B75EF /* tap_sendUITests.swift */; };
		B4E54F2F2B924DCE007B75EF /* tap_sendUITestsLaunchTests.swift in Sources */ = {isa = PBXBuildFile; fileRef = B4E54F2E2B924DCE007B75EF /* tap_sendUITestsLaunchTests.swift */; };
		B4E54F3C2B935CED007B75EF /* ColorMultipeerSession.swift in Sources */ = {isa = PBXBuildFile; fileRef = B4E54F3B2B935CED007B75EF /* ColorMultipeerSession.swift */; };
/* End PBXBuildFile section */

/* Begin PBXContainerItemProxy section */
		B4E54F1F2B924DCE007B75EF /* PBXContainerItemProxy */ = {
			isa = PBXContainerItemProxy;
			containerPortal = B4E54F012B924DCC007B75EF /* Project object */;
			proxyType = 1;
			remoteGlobalIDString = B4E54F082B924DCC007B75EF;
			remoteInfo = "tap&send";
		};
		B4E54F292B924DCE007B75EF /* PBXContainerItemProxy */ = {
			isa = PBXContainerItemProxy;
			containerPortal = B4E54F012B924DCC007B75EF /* Project object */;
			proxyType = 1;
			remoteGlobalIDString = B4E54F082B924DCC007B75EF;
			remoteInfo = "tap&send";
		};
/* End PBXContainerItemProxy section */

/* Begin PBXFileReference section */
		B4E54F092B924DCC007B75EF /* tap&send.app */ = {isa = PBXFileReference; explicitFileType = wrapper.application; includeInIndex = 0; path = "tap&send.app"; sourceTree = BUILT_PRODUCTS_DIR; };
		B4E54F0C2B924DCC007B75EF /* tap_sendApp.swift */ = {isa = PBXFileReference; lastKnownFileType = sourcecode.swift; path = tap_sendApp.swift; sourceTree = "<group>"; };
		B4E54F0E2B924DCC007B75EF /* ContentView.swift */ = {isa = PBXFileReference; lastKnownFileType = sourcecode.swift; path = ContentView.swift; sourceTree = "<group>"; };
		B4E54F102B924DCE007B75EF /* Assets.xcassets */ = {isa = PBXFileReference; lastKnownFileType = folder.assetcatalog; path = Assets.xcassets; sourceTree = "<group>"; };
		B4E54F132B924DCE007B75EF /* Preview Assets.xcassets */ = {isa = PBXFileReference; lastKnownFileType = folder.assetcatalog; path = "Preview Assets.xcassets"; sourceTree = "<group>"; };
		B4E54F152B924DCE007B75EF /* Persistence.swift */ = {isa = PBXFileReference; lastKnownFileType = sourcecode.swift; path = Persistence.swift; sourceTree = "<group>"; };
		B4E54F182B924DCE007B75EF /* tap_send.xcdatamodel */ = {isa = PBXFileReference; lastKnownFileType = wrapper.xcdatamodel; path = tap_send.xcdatamodel; sourceTree = "<group>"; };
		B4E54F1E2B924DCE007B75EF /* tap&sendTests.xctest */ = {isa = PBXFileReference; explicitFileType = wrapper.cfbundle; includeInIndex = 0; path = "tap&sendTests.xctest"; sourceTree = BUILT_PRODUCTS_DIR; };
		B4E54F222B924DCE007B75EF /* tap_sendTests.swift */ = {isa = PBXFileReference; lastKnownFileType = sourcecode.swift; path = tap_sendTests.swift; sourceTree = "<group>"; };
		B4E54F282B924DCE007B75EF /* tap&sendUITests.xctest */ = {isa = PBXFileReference; explicitFileType = wrapper.cfbundle; includeInIndex = 0; path = "tap&sendUITests.xctest"; sourceTree = BUILT_PRODUCTS_DIR; };
		B4E54F2C2B924DCE007B75EF /* tap_sendUITests.swift */ = {isa = PBXFileReference; lastKnownFileType = sourcecode.swift; path = tap_sendUITests.swift; sourceTree = "<group>"; };
		B4E54F2E2B924DCE007B75EF /* tap_sendUITestsLaunchTests.swift */ = {isa = PBXFileReference; lastKnownFileType = sourcecode.swift; path = tap_sendUITestsLaunchTests.swift; sourceTree = "<group>"; };
		B4E54F3B2B935CED007B75EF /* ColorMultipeerSession.swift */ = {isa = PBXFileReference; lastKnownFileType = sourcecode.swift; path = ColorMultipeerSession.swift; sourceTree = "<group>"; };
/* End PBXFileReference section */

/* Begin PBXFrameworksBuildPhase section */
		B4E54F062B924DCC007B75EF /* Frameworks */ = {
			isa = PBXFrameworksBuildPhase;
			buildActionMask = 2147483647;
			files = (
			);
			runOnlyForDeploymentPostprocessing = 0;
		};
		B4E54F1B2B924DCE007B75EF /* Frameworks */ = {
			isa = PBXFrameworksBuildPhase;
			buildActionMask = 2147483647;
			files = (
			);
			runOnlyForDeploymentPostprocessing = 0;
		};
		B4E54F252B924DCE007B75EF /* Frameworks */ = {
			isa = PBXFrameworksBuildPhase;
			buildActionMask = 2147483647;
			files = (
			);
			runOnlyForDeploymentPostprocessing = 0;
		};
/* End PBXFrameworksBuildPhase section */

/* Begin PBXGroup section */
		B4E54F002B924DCC007B75EF = {
			isa = PBXGroup;
			children = (
				B4E54F0B2B924DCC007B75EF /* tap&send */,
				B4E54F212B924DCE007B75EF /* tap&sendTests */,
				B4E54F2B2B924DCE007B75EF /* tap&sendUITests */,
				B4E54F0A2B924DCC007B75EF /* Products */,
			);
			sourceTree = "<group>";
		};
		B4E54F0A2B924DCC007B75EF /* Products */ = {
			isa = PBXGroup;
			children = (
				B4E54F092B924DCC007B75EF /* tap&send.app */,
				B4E54F1E2B924DCE007B75EF /* tap&sendTests.xctest */,
				B4E54F282B924DCE007B75EF /* tap&sendUITests.xctest */,
			);
			name = Products;
			sourceTree = "<group>";
		};
		B4E54F0B2B924DCC007B75EF /* tap&send */ = {
			isa = PBXGroup;
			children = (
				B4E54F0C2B924DCC007B75EF /* tap_sendApp.swift */,
				B4E54F0E2B924DCC007B75EF /* ContentView.swift */,
				B4E54F102B924DCE007B75EF /* Assets.xcassets */,
				B4E54F152B924DCE007B75EF /* Persistence.swift */,
				B4E54F172B924DCE007B75EF /* tap_send.xcdatamodeld */,
				B4E54F122B924DCE007B75EF /* Preview Content */,
				B4E54F3B2B935CED007B75EF /* ColorMultipeerSession.swift */,
			);
			path = "tap&send";
			sourceTree = "<group>";
		};
		B4E54F122B924DCE007B75EF /* Preview Content */ = {
			isa = PBXGroup;
			children = (
				B4E54F132B924DCE007B75EF /* Preview Assets.xcassets */,
			);
			path = "Preview Content";
			sourceTree = "<group>";
		};
		B4E54F212B924DCE007B75EF /* tap&sendTests */ = {
			isa = PBXGroup;
			children = (
				B4E54F222B924DCE007B75EF /* tap_sendTests.swift */,
			);
			path = "tap&sendTests";
			sourceTree = "<group>";
		};
		B4E54F2B2B924DCE007B75EF /* tap&sendUITests */ = {
			isa = PBXGroup;
			children = (
				B4E54F2C2B924DCE007B75EF /* tap_sendUITests.swift */,
				B4E54F2E2B924DCE007B75EF /* tap_sendUITestsLaunchTests.swift */,
			);
			path = "tap&sendUITests";
			sourceTree = "<group>";
		};
/* End PBXGroup section */

/* Begin PBXNativeTarget section */
		B4E54F082B924DCC007B75EF /* tap&send */ = {
			isa = PBXNativeTarget;
			buildConfigurationList = B4E54F322B924DCE007B75EF /* Build configuration list for PBXNativeTarget "tap&send" */;
			buildPhases = (
				B4E54F052B924DCC007B75EF /* Sources */,
				B4E54F062B924DCC007B75EF /* Frameworks */,
				B4E54F072B924DCC007B75EF /* Resources */,
			);
			buildRules = (
			);
			dependencies = (
			);
			name = "tap&send";
			productName = "tap&send";
			productReference = B4E54F092B924DCC007B75EF /* tap&send.app */;
			productType = "com.apple.product-type.application";
		};
		B4E54F1D2B924DCE007B75EF /* tap&sendTests */ = {
			isa = PBXNativeTarget;
			buildConfigurationList = B4E54F352B924DCE007B75EF /* Build configuration list for PBXNativeTarget "tap&sendTests" */;
			buildPhases = (
				B4E54F1A2B924DCE007B75EF /* Sources */,
				B4E54F1B2B924DCE007B75EF /* Frameworks */,
				B4E54F1C2B924DCE007B75EF /* Resources */,
			);
			buildRules = (
			);
			dependencies = (
				B4E54F202B924DCE007B75EF /* PBXTargetDependency */,
			);
			name = "tap&sendTests";
			productName = "tap&sendTests";
			productReference = B4E54F1E2B924DCE007B75EF /* tap&sendTests.xctest */;
			productType = "com.apple.product-type.bundle.unit-test";
		};
		B4E54F272B924DCE007B75EF /* tap&sendUITests */ = {
			isa = PBXNativeTarget;
			buildConfigurationList = B4E54F382B924DCE007B75EF /* Build configuration list for PBXNativeTarget "tap&sendUITests" */;
			buildPhases = (
				B4E54F242B924DCE007B75EF /* Sources */,
				B4E54F252B924DCE007B75EF /* Frameworks */,
				B4E54F262B924DCE007B75EF /* Resources */,
			);
			buildRules = (
			);
			dependencies = (
				B4E54F2A2B924DCE007B75EF /* PBXTargetDependency */,
			);
			name = "tap&sendUITests";
			productName = "tap&sendUITests";
			productReference = B4E54F282B924DCE007B75EF /* tap&sendUITests.xctest */;
			productType = "com.apple.product-type.bundle.ui-testing";
		};
/* End PBXNativeTarget section */

/* Begin PBXProject section */
		B4E54F012B924DCC007B75EF /* Project object */ = {
			isa = PBXProject;
			attributes = {
				BuildIndependentTargetsInParallel = 1;
				LastSwiftUpdateCheck = 1520;
				LastUpgradeCheck = 1520;
				TargetAttributes = {
					B4E54F082B924DCC007B75EF = {
						CreatedOnToolsVersion = 15.2;
					};
					B4E54F1D2B924DCE007B75EF = {
						CreatedOnToolsVersion = 15.2;
						TestTargetID = B4E54F082B924DCC007B75EF;
					};
					B4E54F272B924DCE007B75EF = {
						CreatedOnToolsVersion = 15.2;
						TestTargetID = B4E54F082B924DCC007B75EF;
					};
				};
			};
			buildConfigurationList = B4E54F042B924DCC007B75EF /* Build configuration list for PBXProject "tap&send" */;
			compatibilityVersion = "Xcode 14.0";
			developmentRegion = en;
			hasScannedForEncodings = 0;
			knownRegions = (
				en,
				Base,
			);
			mainGroup = B4E54F002B924DCC007B75EF;
			productRefGroup = B4E54F0A2B924DCC007B75EF /* Products */;
			projectDirPath = "";
			projectRoot = "";
			targets = (
				B4E54F082B924DCC007B75EF /* tap&send */,
				B4E54F1D2B924DCE007B75EF /* tap&sendTests */,
				B4E54F272B924DCE007B75EF /* tap&sendUITests */,
			);
		};
/* End PBXProject section */

/* Begin PBXResourcesBuildPhase section */
		B4E54F072B924DCC007B75EF /* Resources */ = {
			isa = PBXResourcesBuildPhase;
			buildActionMask = 2147483647;
			files = (
				B4E54F142B924DCE007B75EF /* Preview Assets.xcassets in Resources */,
				B4E54F112B924DCE007B75EF /* Assets.xcassets in Resources */,
			);
			runOnlyForDeploymentPostprocessing = 0;
		};
		B4E54F1C2B924DCE007B75EF /* Resources */ = {
			isa = PBXResourcesBuildPhase;
			buildActionMask = 2147483647;
			files = (
			);
			runOnlyForDeploymentPostprocessing = 0;
		};
		B4E54F262B924DCE007B75EF /* Resources */ = {
			isa = PBXResourcesBuildPhase;
			buildActionMask = 2147483647;
			files = (
			);
			runOnlyForDeploymentPostprocessing = 0;
		};
/* End PBXResourcesBuildPhase section */

/* Begin PBXSourcesBuildPhase section */
		B4E54F052B924DCC007B75EF /* Sources */ = {
			isa = PBXSourcesBuildPhase;
			buildActionMask = 2147483647;
			files = (
				B4E54F162B924DCE007B75EF /* Persistence.swift in Sources */,
				B4E54F0F2B924DCC007B75EF /* ContentView.swift in Sources */,
				B4E54F0D2B924DCC007B75EF /* tap_sendApp.swift in Sources */,
				B4E54F3C2B935CED007B75EF /* ColorMultipeerSession.swift in Sources */,
				B4E54F192B924DCE007B75EF /* tap_send.xcdatamodeld in Sources */,
			);
			runOnlyForDeploymentPostprocessing = 0;
		};
		B4E54F1A2B924DCE007B75EF /* Sources */ = {
			isa = PBXSourcesBuildPhase;
			buildActionMask = 2147483647;
			files = (
				B4E54F232B924DCE007B75EF /* tap_sendTests.swift in Sources */,
			);
			runOnlyForDeploymentPostprocessing = 0;
		};
		B4E54F242B924DCE007B75EF /* Sources */ = {
			isa = PBXSourcesBuildPhase;
			buildActionMask = 2147483647;
			files = (
				B4E54F2F2B924DCE007B75EF /* tap_sendUITestsLaunchTests.swift in Sources */,
				B4E54F2D2B924DCE007B75EF /* tap_sendUITests.swift in Sources */,
			);
			runOnlyForDeploymentPostprocessing = 0;
		};
/* End PBXSourcesBuildPhase section */

/* Begin PBXTargetDependency section */
		B4E54F202B924DCE007B75EF /* PBXTargetDependency */ = {
			isa = PBXTargetDependency;
			target = B4E54F082B924DCC007B75EF /* tap&send */;
			targetProxy = B4E54F1F2B924DCE007B75EF /* PBXContainerItemProxy */;
		};
		B4E54F2A2B924DCE007B75EF /* PBXTargetDependency */ = {
			isa = PBXTargetDependency;
			target = B4E54F082B924DCC007B75EF /* tap&send */;
			targetProxy = B4E54F292B924DCE007B75EF /* PBXContainerItemProxy */;
		};
/* End PBXTargetDependency section */

/* Begin XCBuildConfiguration section */
		B4E54F302B924DCE007B75EF /* Debug */ = {
			isa = XCBuildConfiguration;
			buildSettings = {
				ALWAYS_SEARCH_USER_PATHS = NO;
				ASSETCATALOG_COMPILER_GENERATE_SWIFT_ASSET_SYMBOL_EXTENSIONS = YES;
				CLANG_ANALYZER_NONNULL = YES;
				CLANG_ANALYZER_NUMBER_OBJECT_CONVERSION = YES_AGGRESSIVE;
				CLANG_CXX_LANGUAGE_STANDARD = "gnu++20";
				CLANG_ENABLE_MODULES = YES;
				CLANG_ENABLE_OBJC_ARC = YES;
				CLANG_ENABLE_OBJC_WEAK = YES;
				CLANG_WARN_BLOCK_CAPTURE_AUTORELEASING = YES;
				CLANG_WARN_BOOL_CONVERSION = YES;
				CLANG_WARN_COMMA = YES;
				CLANG_WARN_CONSTANT_CONVERSION = YES;
				CLANG_WARN_DEPRECATED_OBJC_IMPLEMENTATIONS = YES;
				CLANG_WARN_DIRECT_OBJC_ISA_USAGE = YES_ERROR;
				CLANG_WARN_DOCUMENTATION_COMMENTS = YES;
				CLANG_WARN_EMPTY_BODY = YES;
				CLANG_WARN_ENUM_CONVERSION = YES;
				CLANG_WARN_INFINITE_RECURSION = YES;
				CLANG_WARN_INT_CONVERSION = YES;
				CLANG_WARN_NON_LITERAL_NULL_CONVERSION = YES;
				CLANG_WARN_OBJC_IMPLICIT_RETAIN_SELF = YES;
				CLANG_WARN_OBJC_LITERAL_CONVERSION = YES;
				CLANG_WARN_OBJC_ROOT_CLASS = YES_ERROR;
				CLANG_WARN_QUOTED_INCLUDE_IN_FRAMEWORK_HEADER = YES;
				CLANG_WARN_RANGE_LOOP_ANALYSIS = YES;
				CLANG_WARN_STRICT_PROTOTYPES = YES;
				CLANG_WARN_SUSPICIOUS_MOVE = YES;
				CLANG_WARN_UNGUARDED_AVAILABILITY = YES_AGGRESSIVE;
				CLANG_WARN_UNREACHABLE_CODE = YES;
				CLANG_WARN__DUPLICATE_METHOD_MATCH = YES;
				COPY_PHASE_STRIP = NO;
				DEBUG_INFORMATION_FORMAT = dwarf;
				ENABLE_STRICT_OBJC_MSGSEND = YES;
				ENABLE_TESTABILITY = YES;
				ENABLE_USER_SCRIPT_SANDBOXING = YES;
				GCC_C_LANGUAGE_STANDARD = gnu17;
				GCC_DYNAMIC_NO_PIC = NO;
				GCC_NO_COMMON_BLOCKS = YES;
				GCC_OPTIMIZATION_LEVEL = 0;
				GCC_PREPROCESSOR_DEFINITIONS = (
					"DEBUG=1",
					"$(inherited)",
				);
				GCC_WARN_64_TO_32_BIT_CONVERSION = YES;
				GCC_WARN_ABOUT_RETURN_TYPE = YES_ERROR;
				GCC_WARN_UNDECLARED_SELECTOR = YES;
				GCC_WARN_UNINITIALIZED_AUTOS = YES_AGGRESSIVE;
				GCC_WARN_UNUSED_FUNCTION = YES;
				GCC_WARN_UNUSED_VARIABLE = YES;
				IPHONEOS_DEPLOYMENT_TARGET = 17.2;
				LOCALIZATION_PREFERS_STRING_CATALOGS = YES;
				MTL_ENABLE_DEBUG_INFO = INCLUDE_SOURCE;
				MTL_FAST_MATH = YES;
				ONLY_ACTIVE_ARCH = YES;
				SDKROOT = iphoneos;
				SWIFT_ACTIVE_COMPILATION_CONDITIONS = "DEBUG $(inherited)";
				SWIFT_OPTIMIZATION_LEVEL = "-Onone";
			};
			name = Debug;
		};
		B4E54F312B924DCE007B75EF /* Release */ = {
			isa = XCBuildConfiguration;
			buildSettings = {
				ALWAYS_SEARCH_USER_PATHS = NO;
				ASSETCATALOG_COMPILER_GENERATE_SWIFT_ASSET_SYMBOL_EXTENSIONS = YES;
				CLANG_ANALYZER_NONNULL = YES;
				CLANG_ANALYZER_NUMBER_OBJECT_CONVERSION = YES_AGGRESSIVE;
				CLANG_CXX_LANGUAGE_STANDARD = "gnu++20";
				CLANG_ENABLE_MODULES = YES;
				CLANG_ENABLE_OBJC_ARC = YES;
				CLANG_ENABLE_OBJC_WEAK = YES;
				CLANG_WARN_BLOCK_CAPTURE_AUTORELEASING = YES;
				CLANG_WARN_BOOL_CONVERSION = YES;
				CLANG_WARN_COMMA = YES;
				CLANG_WARN_CONSTANT_CONVERSION = YES;
				CLANG_WARN_DEPRECATED_OBJC_IMPLEMENTATIONS = YES;
				CLANG_WARN_DIRECT_OBJC_ISA_USAGE = YES_ERROR;
				CLANG_WARN_DOCUMENTATION_COMMENTS = YES;
				CLANG_WARN_EMPTY_BODY = YES;
				CLANG_WARN_ENUM_CONVERSION = YES;
				CLANG_WARN_INFINITE_RECURSION = YES;
				CLANG_WARN_INT_CONVERSION = YES;
				CLANG_WARN_NON_LITERAL_NULL_CONVERSION = YES;
				CLANG_WARN_OBJC_IMPLICIT_RETAIN_SELF = YES;
				CLANG_WARN_OBJC_LITERAL_CONVERSION = YES;
				CLANG_WARN_OBJC_ROOT_CLASS = YES_ERROR;
				CLANG_WARN_QUOTED_INCLUDE_IN_FRAMEWORK_HEADER = YES;
				CLANG_WARN_RANGE_LOOP_ANALYSIS = YES;
				CLANG_WARN_STRICT_PROTOTYPES = YES;
				CLANG_WARN_SUSPICIOUS_MOVE = YES;
				CLANG_WARN_UNGUARDED_AVAILABILITY = YES_AGGRESSIVE;
				CLANG_WARN_UNREACHABLE_CODE = YES;
				CLANG_WARN__DUPLICATE_METHOD_MATCH = YES;
				COPY_PHASE_STRIP = NO;
				DEBUG_INFORMATION_FORMAT = "dwarf-with-dsym";
				ENABLE_NS_ASSERTIONS = NO;
				ENABLE_STRICT_OBJC_MSGSEND = YES;
				ENABLE_USER_SCRIPT_SANDBOXING = YES;
				GCC_C_LANGUAGE_STANDARD = gnu17;
				GCC_NO_COMMON_BLOCKS = YES;
				GCC_WARN_64_TO_32_BIT_CONVERSION = YES;
				GCC_WARN_ABOUT_RETURN_TYPE = YES_ERROR;
				GCC_WARN_UNDECLARED_SELECTOR = YES;
				GCC_WARN_UNINITIALIZED_AUTOS = YES_AGGRESSIVE;
				GCC_WARN_UNUSED_FUNCTION = YES;
				GCC_WARN_UNUSED_VARIABLE = YES;
				IPHONEOS_DEPLOYMENT_TARGET = 17.2;
				LOCALIZATION_PREFERS_STRING_CATALOGS = YES;
				MTL_ENABLE_DEBUG_INFO = NO;
				MTL_FAST_MATH = YES;
				SDKROOT = iphoneos;
				SWIFT_COMPILATION_MODE = wholemodule;
				VALIDATE_PRODUCT = YES;
			};
			name = Release;
		};
		B4E54F332B924DCE007B75EF /* Debug */ = {
			isa = XCBuildConfiguration;
			buildSettings = {
				ASSETCATALOG_COMPILER_APPICON_NAME = AppIcon;
				ASSETCATALOG_COMPILER_GLOBAL_ACCENT_COLOR_NAME = AccentColor;
				CODE_SIGN_STYLE = Automatic;
				CURRENT_PROJECT_VERSION = 1;
				DEVELOPMENT_ASSET_PATHS = "\"tap&send/Preview Content\"";
				DEVELOPMENT_TEAM = 7AR93R268X;
				ENABLE_PREVIEWS = YES;
				GENERATE_INFOPLIST_FILE = YES;
				INFOPLIST_KEY_UIApplicationSceneManifest_Generation = YES;
				INFOPLIST_KEY_UIApplicationSupportsIndirectInputEvents = YES;
				INFOPLIST_KEY_UILaunchScreen_Generation = YES;
				INFOPLIST_KEY_UISupportedInterfaceOrientations_iPad = "UIInterfaceOrientationPortrait UIInterfaceOrientationPortraitUpsideDown UIInterfaceOrientationLandscapeLeft UIInterfaceOrientationLandscapeRight";
				INFOPLIST_KEY_UISupportedInterfaceOrientations_iPhone = "UIInterfaceOrientationPortrait UIInterfaceOrientationLandscapeLeft UIInterfaceOrientationLandscapeRight";
				LD_RUNPATH_SEARCH_PATHS = (
					"$(inherited)",
					"@executable_path/Frameworks",
				);
				MARKETING_VERSION = 1.0;
				PRODUCT_BUNDLE_IDENTIFIER = "BRPM.tap-send";
				PRODUCT_NAME = "$(TARGET_NAME)";
				SWIFT_EMIT_LOC_STRINGS = YES;
				SWIFT_VERSION = 5.0;
				TARGETED_DEVICE_FAMILY = "1,2";
			};
			name = Debug;
		};
		B4E54F342B924DCE007B75EF /* Release */ = {
			isa = XCBuildConfiguration;
			buildSettings = {
				ASSETCATALOG_COMPILER_APPICON_NAME = AppIcon;
				ASSETCATALOG_COMPILER_GLOBAL_ACCENT_COLOR_NAME = AccentColor;
				CODE_SIGN_STYLE = Automatic;
				CURRENT_PROJECT_VERSION = 1;
				DEVELOPMENT_ASSET_PATHS = "\"tap&send/Preview Content\"";
				DEVELOPMENT_TEAM = 7AR93R268X;
				ENABLE_PREVIEWS = YES;
				GENERATE_INFOPLIST_FILE = YES;
				INFOPLIST_KEY_UIApplicationSceneManifest_Generation = YES;
				INFOPLIST_KEY_UIApplicationSupportsIndirectInputEvents = YES;
				INFOPLIST_KEY_UILaunchScreen_Generation = YES;
				INFOPLIST_KEY_UISupportedInterfaceOrientations_iPad = "UIInterfaceOrientationPortrait UIInterfaceOrientationPortraitUpsideDown UIInterfaceOrientationLandscapeLeft UIInterfaceOrientationLandscapeRight";
				INFOPLIST_KEY_UISupportedInterfaceOrientations_iPhone = "UIInterfaceOrientationPortrait UIInterfaceOrientationLandscapeLeft UIInterfaceOrientationLandscapeRight";
				LD_RUNPATH_SEARCH_PATHS = (
					"$(inherited)",
					"@executable_path/Frameworks",
				);
				MARKETING_VERSION = 1.0;
				PRODUCT_BUNDLE_IDENTIFIER = "BRPM.tap-send";
				PRODUCT_NAME = "$(TARGET_NAME)";
				SWIFT_EMIT_LOC_STRINGS = YES;
				SWIFT_VERSION = 5.0;
				TARGETED_DEVICE_FAMILY = "1,2";
			};
			name = Release;
		};
		B4E54F362B924DCE007B75EF /* Debug */ = {
			isa = XCBuildConfiguration;
			buildSettings = {
				ALWAYS_EMBED_SWIFT_STANDARD_LIBRARIES = YES;
				BUNDLE_LOADER = "$(TEST_HOST)";
				CODE_SIGN_STYLE = Automatic;
				CURRENT_PROJECT_VERSION = 1;
				DEVELOPMENT_TEAM = 7AR93R268X;
				GENERATE_INFOPLIST_FILE = YES;
				IPHONEOS_DEPLOYMENT_TARGET = 17.2;
				MARKETING_VERSION = 1.0;
				PRODUCT_BUNDLE_IDENTIFIER = "BRPM.tap-sendTests";
				PRODUCT_NAME = "$(TARGET_NAME)";
				SWIFT_EMIT_LOC_STRINGS = NO;
				SWIFT_VERSION = 5.0;
				TARGETED_DEVICE_FAMILY = "1,2";
				TEST_HOST = "$(BUILT_PRODUCTS_DIR)/tap&send.app/$(BUNDLE_EXECUTABLE_FOLDER_PATH)/tap&send";
			};
			name = Debug;
		};
		B4E54F372B924DCE007B75EF /* Release */ = {
			isa = XCBuildConfiguration;
			buildSettings = {
				ALWAYS_EMBED_SWIFT_STANDARD_LIBRARIES = YES;
				BUNDLE_LOADER = "$(TEST_HOST)";
				CODE_SIGN_STYLE = Automatic;
				CURRENT_PROJECT_VERSION = 1;
				DEVELOPMENT_TEAM = 7AR93R268X;
				GENERATE_INFOPLIST_FILE = YES;
				IPHONEOS_DEPLOYMENT_TARGET = 17.2;
				MARKETING_VERSION = 1.0;
				PRODUCT_BUNDLE_IDENTIFIER = "BRPM.tap-sendTests";
				PRODUCT_NAME = "$(TARGET_NAME)";
				SWIFT_EMIT_LOC_STRINGS = NO;
				SWIFT_VERSION = 5.0;
				TARGETED_DEVICE_FAMILY = "1,2";
				TEST_HOST = "$(BUILT_PRODUCTS_DIR)/tap&send.app/$(BUNDLE_EXECUTABLE_FOLDER_PATH)/tap&send";
			};
			name = Release;
		};
		B4E54F392B924DCE007B75EF /* Debug */ = {
			isa = XCBuildConfiguration;
			buildSettings = {
				ALWAYS_EMBED_SWIFT_STANDARD_LIBRARIES = YES;
				CODE_SIGN_STYLE = Automatic;
				CURRENT_PROJECT_VERSION = 1;
				DEVELOPMENT_TEAM = 7AR93R268X;
				GENERATE_INFOPLIST_FILE = YES;
				MARKETING_VERSION = 1.0;
				PRODUCT_BUNDLE_IDENTIFIER = "BRPM.tap-sendUITests";
				PRODUCT_NAME = "$(TARGET_NAME)";
				SWIFT_EMIT_LOC_STRINGS = NO;
				SWIFT_VERSION = 5.0;
				TARGETED_DEVICE_FAMILY = "1,2";
				TEST_TARGET_NAME = "tap&send";
			};
			name = Debug;
		};
		B4E54F3A2B924DCE007B75EF /* Release */ = {
			isa = XCBuildConfiguration;
			buildSettings = {
				ALWAYS_EMBED_SWIFT_STANDARD_LIBRARIES = YES;
				CODE_SIGN_STYLE = Automatic;
				CURRENT_PROJECT_VERSION = 1;
				DEVELOPMENT_TEAM = 7AR93R268X;
				GENERATE_INFOPLIST_FILE = YES;
				MARKETING_VERSION = 1.0;
				PRODUCT_BUNDLE_IDENTIFIER = "BRPM.tap-sendUITests";
				PRODUCT_NAME = "$(TARGET_NAME)";
				SWIFT_EMIT_LOC_STRINGS = NO;
				SWIFT_VERSION = 5.0;
				TARGETED_DEVICE_FAMILY = "1,2";
				TEST_TARGET_NAME = "tap&send";
			};
			name = Release;
		};
/* End XCBuildConfiguration section */

/* Begin XCConfigurationList section */
		B4E54F042B924DCC007B75EF /* Build configuration list for PBXProject "tap&send" */ = {
			isa = XCConfigurationList;
			buildConfigurations = (
				B4E54F302B924DCE007B75EF /* Debug */,
				B4E54F312B924DCE007B75EF /* Release */,
			);
			defaultConfigurationIsVisible = 0;
			defaultConfigurationName = Release;
		};
		B4E54F322B924DCE007B75EF /* Build configuration list for PBXNativeTarget "tap&send" */ = {
			isa = XCConfigurationList;
			buildConfigurations = (
				B4E54F332B924DCE007B75EF /* Debug */,
				B4E54F342B924DCE007B75EF /* Release */,
			);
			defaultConfigurationIsVisible = 0;
			defaultConfigurationName = Release;
		};
		B4E54F352B924DCE007B75EF /* Build configuration list for PBXNativeTarget "tap&sendTests" */ = {
			isa = XCConfigurationList;
			buildConfigurations = (
				B4E54F362B924DCE007B75EF /* Debug */,
				B4E54F372B924DCE007B75EF /* Release */,
			);
			defaultConfigurationIsVisible = 0;
			defaultConfigurationName = Release;
		};
		B4E54F382B924DCE007B75EF /* Build configuration list for PBXNativeTarget "tap&sendUITests" */ = {
			isa = XCConfigurationList;
			buildConfigurations = (
				B4E54F392B924DCE007B75EF /* Debug */,
				B4E54F3A2B924DCE007B75EF /* Release */,
			);
			defaultConfigurationIsVisible = 0;
			defaultConfigurationName = Release;
		};
/* End XCConfigurationList section */

/* Begin XCVersionGroup section */
		B4E54F172B924DCE007B75EF /* tap_send.xcdatamodeld */ = {
			isa = XCVersionGroup;
			children = (
				B4E54F182B924DCE007B75EF /* tap_send.xcdatamodel */,
			);
			currentVersion = B4E54F182B924DCE007B75EF /* tap_send.xcdatamodel */;
			path = tap_send.xcdatamodeld;
			sourceTree = "<group>";
			versionGroupType = wrapper.xcdatamodel;
		};
/* End XCVersionGroup section */
	};
	rootObject = B4E54F012B924DCC007B75EF /* Project object */;
}
